
Microsoft Visual Studio Solution File, Format Version 12.00
# Visual Studio Version 16
VisualStudioVersion = 16.0.30804.86
MinimumVisualStudioVersion = 10.0.40219.1
Project("{FAE04EC0-301F-11D3-BF4B-00C04F79EFBC}") = "WpfApp2", "WpfApp2\WpfApp2.csproj", "{AE6C0B66-86BC-4F4D-9F7D-A8AC6AAB5BF6}"
EndProject
Global
	GlobalSection(SolutionConfigurationPlatforms) = preSolution
		Debug|Any CPU = Debug|Any CPU
		Release|Any CPU = Release|Any CPU
	EndGlobalSection
	GlobalSection(ProjectConfigurationPlatforms) = postSolution
		{AE6C0B66-86BC-4F4D-9F7D-A8AC6AAB5BF6}.Debug|Any CPU.ActiveCfg = Debug|Any CPU
		{AE6C0B66-86BC-4F4D-9F7D-A8AC6AAB5BF6}.Debug|Any CPU.Build.0 = Debug|Any CPU
		{AE6C0B66-86BC-4F4D-9F7D-A8AC6AAB5BF6}.Release|Any CPU.ActiveCfg = Release|Any CPU
		{AE6C0B66-86BC-4F4D-9F7D-A8AC6AAB5BF6}.Release|Any CPU.Build.0 = Release|Any CPU
	EndGlobalSection
	GlobalSection(SolutionProperties) = preSolution
		HideSolutionNode = FALSE
	EndGlobalSection
	GlobalSection(ExtensibilityGlobals) = postSolution
		SolutionGuid = {EA312FD3-B89C-449E-AED2-B6C89CAF2191}
	EndGlobalSection
EndGlobal
